// !$*UTF8*$!
{
	archiveVersion = 1;
	classes = {
	};
	objectVersion = 46;
	objects = {

/* Begin PBXBuildFile section */
		90C7B58C1E0FC7E50039B030 /* main.m in Sources */ = {isa = PBXBuildFile; fileRef = 90C7B58B1E0FC7E50039B030 /* main.m */; };
		90C7B58F1E0FC7E50039B030 /* AppDelegate.m in Sources */ = {isa = PBXBuildFile; fileRef = 90C7B58E1E0FC7E50039B030 /* AppDelegate.m */; };
		90C7B5951E0FC7E50039B030 /* Main.storyboard in Resources */ = {isa = PBXBuildFile; fileRef = 90C7B5931E0FC7E50039B030 /* Main.storyboard */; };
		90C7B5971E0FC7E50039B030 /* Assets.xcassets in Resources */ = {isa = PBXBuildFile; fileRef = 90C7B5961E0FC7E50039B030 /* Assets.xcassets */; };
		90C7B59A1E0FC7E50039B030 /* LaunchScreen.storyboard in Resources */ = {isa = PBXBuildFile; fileRef = 90C7B5981E0FC7E50039B030 /* LaunchScreen.storyboard */; };
		90C7B5A51E0FC7E50039B030 /* TAConfirmOrderTests.m in Sources */ = {isa = PBXBuildFile; fileRef = 90C7B5A41E0FC7E50039B030 /* TAConfirmOrderTests.m */; };
		90C7B5B01E0FC7E50039B030 /* TAConfirmOrderUITests.m in Sources */ = {isa = PBXBuildFile; fileRef = 90C7B5AF1E0FC7E50039B030 /* TAConfirmOrderUITests.m */; };
		90C7B5C11E0FC8250039B030 /* Target_TAConfirmOrder.m in Sources */ = {isa = PBXBuildFile; fileRef = 90C7B5C01E0FC8250039B030 /* Target_TAConfirmOrder.m */; };
		90C7B5C41E0FC8770039B030 /* TAConfirmOrderViewController.m in Sources */ = {isa = PBXBuildFile; fileRef = 90C7B5C31E0FC8770039B030 /* TAConfirmOrderViewController.m */; };
/* End PBXBuildFile section */

/* Begin PBXContainerItemProxy section */
		90C7B5A11E0FC7E50039B030 /* PBXContainerItemProxy */ = {
			isa = PBXContainerItemProxy;
			containerPortal = 90C7B57F1E0FC7E50039B030 /* Project object */;
			proxyType = 1;
			remoteGlobalIDString = 90C7B5861E0FC7E50039B030;
			remoteInfo = TAConfirmOrder;
		};
		90C7B5AC1E0FC7E50039B030 /* PBXContainerItemProxy */ = {
			isa = PBXContainerItemProxy;
			containerPortal = 90C7B57F1E0FC7E50039B030 /* Project object */;
			proxyType = 1;
			remoteGlobalIDString = 90C7B5861E0FC7E50039B030;
			remoteInfo = TAConfirmOrder;
		};
/* End PBXContainerItemProxy section */

/* Begin PBXFileReference section */
		90C7B5871E0FC7E50039B030 /* TAConfirmOrder.app */ = {isa = PBXFileReference; explicitFileType = wrapper.application; includeInIndex = 0; path = TAConfirmOrder.app; sourceTree = BUILT_PRODUCTS_DIR; };
		90C7B58B1E0FC7E50039B030 /* main.m */ = {isa = PBXFileReference; lastKnownFileType = sourcecode.c.objc; path = main.m; sourceTree = "<group>"; };
		90C7B58D1E0FC7E50039B030 /* AppDelegate.h */ = {isa = PBXFileReference; lastKnownFileType = sourcecode.c.h; path = AppDelegate.h; sourceTree = "<group>"; };
		90C7B58E1E0FC7E50039B030 /* AppDelegate.m */ = {isa = PBXFileReference; lastKnownFileType = sourcecode.c.objc; path = AppDelegate.m; sourceTree = "<group>"; };
		90C7B5941E0FC7E50039B030 /* Base */ = {isa = PBXFileReference; lastKnownFileType = file.storyboard; name = Base; path = Base.lproj/Main.storyboard; sourceTree = "<group>"; };
		90C7B5961E0FC7E50039B030 /* Assets.xcassets */ = {isa = PBXFileReference; lastKnownFileType = folder.assetcatalog; path = Assets.xcassets; sourceTree = "<group>"; };
		90C7B5991E0FC7E50039B030 /* Base */ = {isa = PBXFileReference; lastKnownFileType = file.storyboard; name = Base; path = Base.lproj/LaunchScreen.storyboard; sourceTree = "<group>"; };
		90C7B59B1E0FC7E50039B030 /* Info.plist */ = {isa = PBXFileReference; lastKnownFileType = text.plist.xml; path = Info.plist; sourceTree = "<group>"; };
		90C7B5A01E0FC7E50039B030 /* TAConfirmOrderTests.xctest */ = {isa = PBXFileReference; explicitFileType = wrapper.cfbundle; includeInIndex = 0; path = TAConfirmOrderTests.xctest; sourceTree = BUILT_PRODUCTS_DIR; };
		90C7B5A41E0FC7E50039B030 /* TAConfirmOrderTests.m */ = {isa = PBXFileReference; lastKnownFileType = sourcecode.c.objc; path = TAConfirmOrderTests.m; sourceTree = "<group>"; };
		90C7B5A61E0FC7E50039B030 /* Info.plist */ = {isa = PBXFileReference; lastKnownFileType = text.plist.xml; path = Info.plist; sourceTree = "<group>"; };
		90C7B5AB1E0FC7E50039B030 /* TAConfirmOrderUITests.xctest */ = {isa = PBXFileReference; explicitFileType = wrapper.cfbundle; includeInIndex = 0; path = TAConfirmOrderUITests.xctest; sourceTree = BUILT_PRODUCTS_DIR; };
		90C7B5AF1E0FC7E50039B030 /* TAConfirmOrderUITests.m */ = {isa = PBXFileReference; lastKnownFileType = sourcecode.c.objc; path = TAConfirmOrderUITests.m; sourceTree = "<group>"; };
		90C7B5B11E0FC7E50039B030 /* Info.plist */ = {isa = PBXFileReference; lastKnownFileType = text.plist.xml; path = Info.plist; sourceTree = "<group>"; };
		90C7B5BF1E0FC8250039B030 /* Target_TAConfirmOrder.h */ = {isa = PBXFileReference; fileEncoding = 4; lastKnownFileType = sourcecode.c.h; path = Target_TAConfirmOrder.h; sourceTree = "<group>"; };
		90C7B5C01E0FC8250039B030 /* Target_TAConfirmOrder.m */ = {isa = PBXFileReference; fileEncoding = 4; lastKnownFileType = sourcecode.c.objc; path = Target_TAConfirmOrder.m; sourceTree = "<group>"; };
		90C7B5C21E0FC8770039B030 /* TAConfirmOrderViewController.h */ = {isa = PBXFileReference; fileEncoding = 4; lastKnownFileType = sourcecode.c.h; path = TAConfirmOrderViewController.h; sourceTree = "<group>"; };
		90C7B5C31E0FC8770039B030 /* TAConfirmOrderViewController.m */ = {isa = PBXFileReference; fileEncoding = 4; lastKnownFileType = sourcecode.c.objc; path = TAConfirmOrderViewController.m; sourceTree = "<group>"; };
/* End PBXFileReference section */

/* Begin PBXFrameworksBuildPhase section */
		90C7B5841E0FC7E50039B030 /* Frameworks */ = {
			isa = PBXFrameworksBuildPhase;
			buildActionMask = 2147483647;
			files = (
			);
			runOnlyForDeploymentPostprocessing = 0;
		};
		90C7B59D1E0FC7E50039B030 /* Frameworks */ = {
			isa = PBXFrameworksBuildPhase;
			buildActionMask = 2147483647;
			files = (
			);
			runOnlyForDeploymentPostprocessing = 0;
		};
		90C7B5A81E0FC7E50039B030 /* Frameworks */ = {
			isa = PBXFrameworksBuildPhase;
			buildActionMask = 2147483647;
			files = (
			);
			runOnlyForDeploymentPostprocessing = 0;
		};
/* End PBXFrameworksBuildPhase section */

/* Begin PBXGroup section */
		90C7B57E1E0FC7E50039B030 = {
			isa = PBXGroup;
			children = (
				90C7B5891E0FC7E50039B030 /* TAConfirmOrder */,
				90C7B5A31E0FC7E50039B030 /* TAConfirmOrderTests */,
				90C7B5AE1E0FC7E50039B030 /* TAConfirmOrderUITests */,
				90C7B5881E0FC7E50039B030 /* Products */,
			);
			sourceTree = "<group>";
		};
		90C7B5881E0FC7E50039B030 /* Products */ = {
			isa = PBXGroup;
			children = (
				90C7B5871E0FC7E50039B030 /* TAConfirmOrder.app */,
				90C7B5A01E0FC7E50039B030 /* TAConfirmOrderTests.xctest */,
				90C7B5AB1E0FC7E50039B030 /* TAConfirmOrderUITests.xctest */,
			);
			name = Products;
			sourceTree = "<group>";
		};
		90C7B5891E0FC7E50039B030 /* TAConfirmOrder */ = {
			isa = PBXGroup;
			children = (
				90C7B5BD1E0FC7FD0039B030 /* TAConfirmOrder */,
				90C7B58D1E0FC7E50039B030 /* AppDelegate.h */,
				90C7B58E1E0FC7E50039B030 /* AppDelegate.m */,
				90C7B5931E0FC7E50039B030 /* Main.storyboard */,
				90C7B5961E0FC7E50039B030 /* Assets.xcassets */,
				90C7B5981E0FC7E50039B030 /* LaunchScreen.storyboard */,
				90C7B59B1E0FC7E50039B030 /* Info.plist */,
				90C7B58A1E0FC7E50039B030 /* Supporting Files */,
			);
			path = TAConfirmOrder;
			sourceTree = "<group>";
		};
		90C7B58A1E0FC7E50039B030 /* Supporting Files */ = {
			isa = PBXGroup;
			children = (
				90C7B58B1E0FC7E50039B030 /* main.m */,
			);
			name = "Supporting Files";
			sourceTree = "<group>";
		};
		90C7B5A31E0FC7E50039B030 /* TAConfirmOrderTests */ = {
			isa = PBXGroup;
			children = (
				90C7B5A41E0FC7E50039B030 /* TAConfirmOrderTests.m */,
				90C7B5A61E0FC7E50039B030 /* Info.plist */,
			);
			path = TAConfirmOrderTests;
			sourceTree = "<group>";
		};
		90C7B5AE1E0FC7E50039B030 /* TAConfirmOrderUITests */ = {
			isa = PBXGroup;
			children = (
				90C7B5AF1E0FC7E50039B030 /* TAConfirmOrderUITests.m */,
				90C7B5B11E0FC7E50039B030 /* Info.plist */,
			);
			path = TAConfirmOrderUITests;
			sourceTree = "<group>";
		};
		90C7B5BD1E0FC7FD0039B030 /* TAConfirmOrder */ = {
			isa = PBXGroup;
			children = (
				90C7B5BE1E0FC8030039B030 /* Target */,
				90C7B5C21E0FC8770039B030 /* TAConfirmOrderViewController.h */,
				90C7B5C31E0FC8770039B030 /* TAConfirmOrderViewController.m */,
			);
			path = TAConfirmOrder;
			sourceTree = "<group>";
		};
		90C7B5BE1E0FC8030039B030 /* Target */ = {
			isa = PBXGroup;
			children = (
				90C7B5BF1E0FC8250039B030 /* Target_TAConfirmOrder.h */,
				90C7B5C01E0FC8250039B030 /* Target_TAConfirmOrder.m */,
			);
			name = Target;
			sourceTree = "<group>";
		};
/* End PBXGroup section */

/* Begin PBXNativeTarget section */
		90C7B5861E0FC7E50039B030 /* TAConfirmOrder */ = {
			isa = PBXNativeTarget;
			buildConfigurationList = 90C7B5B41E0FC7E50039B030 /* Build configuration list for PBXNativeTarget "TAConfirmOrder" */;
			buildPhases = (
				90C7B5831E0FC7E50039B030 /* Sources */,
				90C7B5841E0FC7E50039B030 /* Frameworks */,
				90C7B5851E0FC7E50039B030 /* Resources */,
			);
			buildRules = (
			);
			dependencies = (
			);
			name = TAConfirmOrder;
			productName = TAConfirmOrder;
			productReference = 90C7B5871E0FC7E50039B030 /* TAConfirmOrder.app */;
			productType = "com.apple.product-type.application";
		};
		90C7B59F1E0FC7E50039B030 /* TAConfirmOrderTests */ = {
			isa = PBXNativeTarget;
			buildConfigurationList = 90C7B5B71E0FC7E50039B030 /* Build configuration list for PBXNativeTarget "TAConfirmOrderTests" */;
			buildPhases = (
				90C7B59C1E0FC7E50039B030 /* Sources */,
				90C7B59D1E0FC7E50039B030 /* Frameworks */,
				90C7B59E1E0FC7E50039B030 /* Resources */,
			);
			buildRules = (
			);
			dependencies = (
				90C7B5A21E0FC7E50039B030 /* PBXTargetDependency */,
			);
			name = TAConfirmOrderTests;
			productName = TAConfirmOrderTests;
			productReference = 90C7B5A01E0FC7E50039B030 /* TAConfirmOrderTests.xctest */;
			productType = "com.apple.product-type.bundle.unit-test";
		};
		90C7B5AA1E0FC7E50039B030 /* TAConfirmOrderUITests */ = {
			isa = PBXNativeTarget;
			buildConfigurationList = 90C7B5BA1E0FC7E50039B030 /* Build configuration list for PBXNativeTarget "TAConfirmOrderUITests" */;
			buildPhases = (
				90C7B5A71E0FC7E50039B030 /* Sources */,
				90C7B5A81E0FC7E50039B030 /* Frameworks */,
				90C7B5A91E0FC7E50039B030 /* Resources */,
			);
			buildRules = (
			);
			dependencies = (
				90C7B5AD1E0FC7E50039B030 /* PBXTargetDependency */,
			);
			name = TAConfirmOrderUITests;
			productName = TAConfirmOrderUITests;
			productReference = 90C7B5AB1E0FC7E50039B030 /* TAConfirmOrderUITests.xctest */;
			productType = "com.apple.product-type.bundle.ui-testing";
		};
/* End PBXNativeTarget section */

/* Begin PBXProject section */
		90C7B57F1E0FC7E50039B030 /* Project object */ = {
			isa = PBXProject;
			attributes = {
				LastUpgradeCheck = 0820;
				ORGANIZATIONNAME = Charon;
				TargetAttributes = {
					90C7B5861E0FC7E50039B030 = {
						CreatedOnToolsVersion = 8.2.1;
						ProvisioningStyle = Automatic;
					};
					90C7B59F1E0FC7E50039B030 = {
						CreatedOnToolsVersion = 8.2.1;
						ProvisioningStyle = Automatic;
						TestTargetID = 90C7B5861E0FC7E50039B030;
					};
					90C7B5AA1E0FC7E50039B030 = {
						CreatedOnToolsVersion = 8.2.1;
						ProvisioningStyle = Automatic;
						TestTargetID = 90C7B5861E0FC7E50039B030;
					};
				};
			};
			buildConfigurationList = 90C7B5821E0FC7E50039B030 /* Build configuration list for PBXProject "TAConfirmOrder" */;
			compatibilityVersion = "Xcode 3.2";
			developmentRegion = English;
			hasScannedForEncodings = 0;
			knownRegions = (
				en,
				Base,
			);
			mainGroup = 90C7B57E1E0FC7E50039B030;
			productRefGroup = 90C7B5881E0FC7E50039B030 /* Products */;
			projectDirPath = "";
			projectRoot = "";
			targets = (
				90C7B5861E0FC7E50039B030 /* TAConfirmOrder */,
				90C7B59F1E0FC7E50039B030 /* TAConfirmOrderTests */,
				90C7B5AA1E0FC7E50039B030 /* TAConfirmOrderUITests */,
			);
		};
/* End PBXProject section */

/* Begin PBXResourcesBuildPhase section */
		90C7B5851E0FC7E50039B030 /* Resources */ = {
			isa = PBXResourcesBuildPhase;
			buildActionMask = 2147483647;
			files = (
				90C7B59A1E0FC7E50039B030 /* LaunchScreen.storyboard in Resources */,
				90C7B5971E0FC7E50039B030 /* Assets.xcassets in Resources */,
				90C7B5951E0FC7E50039B030 /* Main.storyboard in Resources */,
			);
			runOnlyForDeploymentPostprocessing = 0;
		};
		90C7B59E1E0FC7E50039B030 /* Resources */ = {
			isa = PBXResourcesBuildPhase;
			buildActionMask = 2147483647;
			files = (
			);
			runOnlyForDeploymentPostprocessing = 0;
		};
		90C7B5A91E0FC7E50039B030 /* Resources */ = {
			isa = PBXResourcesBuildPhase;
			buildActionMask = 2147483647;
			files = (
			);
			runOnlyForDeploymentPostprocessing = 0;
		};
/* End PBXResourcesBuildPhase section */

/* Begin PBXSourcesBuildPhase section */
		90C7B5831E0FC7E50039B030 /* Sources */ = {
			isa = PBXSourcesBuildPhase;
			buildActionMask = 2147483647;
			files = (
				90C7B58F1E0FC7E50039B030 /* AppDelegate.m in Sources */,
				90C7B5C41E0FC8770039B030 /* TAConfirmOrderViewController.m in Sources */,
				90C7B58C1E0FC7E50039B030 /* main.m in Sources */,
				90C7B5C11E0FC8250039B030 /* Target_TAConfirmOrder.m in Sources */,
			);
			runOnlyForDeploymentPostprocessing = 0;
		};
		90C7B59C1E0FC7E50039B030 /* Sources */ = {
			isa = PBXSourcesBuildPhase;
			buildActionMask = 2147483647;
			files = (
				90C7B5A51E0FC7E50039B030 /* TAConfirmOrderTests.m in Sources */,
			);
			runOnlyForDeploymentPostprocessing = 0;
		};
		90C7B5A71E0FC7E50039B030 /* Sources */ = {
			isa = PBXSourcesBuildPhase;
			buildActionMask = 2147483647;
			files = (
				90C7B5B01E0FC7E50039B030 /* TAConfirmOrderUITests.m in Sources */,
			);
			runOnlyForDeploymentPostprocessing = 0;
		};
/* End PBXSourcesBuildPhase section */

/* Begin PBXTargetDependency section */
		90C7B5A21E0FC7E50039B030 /* PBXTargetDependency */ = {
			isa = PBXTargetDependency;
			target = 90C7B5861E0FC7E50039B030 /* TAConfirmOrder */;
			targetProxy = 90C7B5A11E0FC7E50039B030 /* PBXContainerItemProxy */;
		};
		90C7B5AD1E0FC7E50039B030 /* PBXTargetDependency */ = {
			isa = PBXTargetDependency;
			target = 90C7B5861E0FC7E50039B030 /* TAConfirmOrder */;
			targetProxy = 90C7B5AC1E0FC7E50039B030 /* PBXContainerItemProxy */;
		};
/* End PBXTargetDependency section */

/* Begin PBXVariantGroup section */
		90C7B5931E0FC7E50039B030 /* Main.storyboard */ = {
			isa = PBXVariantGroup;
			children = (
				90C7B5941E0FC7E50039B030 /* Base */,
			);
			name = Main.storyboard;
			sourceTree = "<group>";
		};
		90C7B5981E0FC7E50039B030 /* LaunchScreen.storyboard */ = {
			isa = PBXVariantGroup;
			children = (
				90C7B5991E0FC7E50039B030 /* Base */,
			);
			name = LaunchScreen.storyboard;
			sourceTree = "<group>";
		};
/* End PBXVariantGroup section */

/* Begin XCBuildConfiguration section */
		90C7B5B21E0FC7E50039B030 /* Debug */ = {
			isa = XCBuildConfiguration;
			buildSettings = {
				ALWAYS_SEARCH_USER_PATHS = NO;
				CLANG_ANALYZER_NONNULL = YES;
				CLANG_CXX_LANGUAGE_STANDARD = "gnu++0x";
				CLANG_CXX_LIBRARY = "libc++";
				CLANG_ENABLE_MODULES = YES;
				CLANG_ENABLE_OBJC_ARC = YES;
				CLANG_WARN_BOOL_CONVERSION = YES;
				CLANG_WARN_CONSTANT_CONVERSION = YES;
				CLANG_WARN_DIRECT_OBJC_ISA_USAGE = YES_ERROR;
				CLANG_WARN_DOCUMENTATION_COMMENTS = YES;
				CLANG_WARN_EMPTY_BODY = YES;
				CLANG_WARN_ENUM_CONVERSION = YES;
				CLANG_WARN_INFINITE_RECURSION = YES;
				CLANG_WARN_INT_CONVERSION = YES;
				CLANG_WARN_OBJC_ROOT_CLASS = YES_ERROR;
				CLANG_WARN_SUSPICIOUS_MOVE = YES;
				CLANG_WARN_UNREACHABLE_CODE = YES;
				CLANG_WARN__DUPLICATE_METHOD_MATCH = YES;
				"CODE_SIGN_IDENTITY[sdk=iphoneos*]" = "iPhone Developer";
				COPY_PHASE_STRIP = NO;
				DEBUG_INFORMATION_FORMAT = dwarf;
				ENABLE_STRICT_OBJC_MSGSEND = YES;
				ENABLE_TESTABILITY = YES;
				GCC_C_LANGUAGE_STANDARD = gnu99;
				GCC_DYNAMIC_NO_PIC = NO;
				GCC_NO_COMMON_BLOCKS = YES;
				GCC_OPTIMIZATION_LEVEL = 0;
				GCC_PREPROCESSOR_DEFINITIONS = (
					"DEBUG=1",
					"$(inherited)",
				);
				GCC_WARN_64_TO_32_BIT_CONVERSION = YES;
				GCC_WARN_ABOUT_RETURN_TYPE = YES_ERROR;
				GCC_WARN_UNDECLARED_SELECTOR = YES;
				GCC_WARN_UNINITIALIZED_AUTOS = YES_AGGRESSIVE;
				GCC_WARN_UNUSED_FUNCTION = YES;
				GCC_WARN_UNUSED_VARIABLE = YES;
				IPHONEOS_DEPLOYMENT_TARGET = 10.2;
				MTL_ENABLE_DEBUG_INFO = YES;
				ONLY_ACTIVE_ARCH = YES;
				SDKROOT = iphoneos;
			};
			name = Debug;
		};
		90C7B5B31E0FC7E50039B030 /* Release */ = {
			isa = XCBuildConfiguration;
			buildSettings = {
				ALWAYS_SEARCH_USER_PATHS = NO;
				CLANG_ANALYZER_NONNULL = YES;
				CLANG_CXX_LANGUAGE_STANDARD = "gnu++0x";
				CLANG_CXX_LIBRARY = "libc++";
				CLANG_ENABLE_MODULES = YES;
				CLANG_ENABLE_OBJC_ARC = YES;
				CLANG_WARN_BOOL_CONVERSION = YES;
				CLANG_WARN_CONSTANT_CONVERSION = YES;
				CLANG_WARN_DIRECT_OBJC_ISA_USAGE = YES_ERROR;
				CLANG_WARN_DOCUMENTATION_COMMENTS = YES;
				CLANG_WARN_EMPTY_BODY = YES;
				CLANG_WARN_ENUM_CONVERSION = YES;
				CLANG_WARN_INFINITE_RECURSION = YES;
				CLANG_WARN_INT_CONVERSION = YES;
				CLANG_WARN_OBJC_ROOT_CLASS = YES_ERROR;
				CLANG_WARN_SUSPICIOUS_MOVE = YES;
				CLANG_WARN_UNREACHABLE_CODE = YES;
				CLANG_WARN__DUPLICATE_METHOD_MATCH = YES;
				"CODE_SIGN_IDENTITY[sdk=iphoneos*]" = "iPhone Developer";
				COPY_PHASE_STRIP = NO;
				DEBUG_INFORMATION_FORMAT = "dwarf-with-dsym";
				ENABLE_NS_ASSERTIONS = NO;
				ENABLE_STRICT_OBJC_MSGSEND = YES;
				GCC_C_LANGUAGE_STANDARD = gnu99;
				GCC_NO_COMMON_BLOCKS = YES;
				GCC_WARN_64_TO_32_BIT_CONVERSION = YES;
				GCC_WARN_ABOUT_RETURN_TYPE = YES_ERROR;
				GCC_WARN_UNDECLARED_SELECTOR = YES;
				GCC_WARN_UNINITIALIZED_AUTOS = YES_AGGRESSIVE;
				GCC_WARN_UNUSED_FUNCTION = YES;
				GCC_WARN_UNUSED_VARIABLE = YES;
				IPHONEOS_DEPLOYMENT_TARGET = 10.2;
				MTL_ENABLE_DEBUG_INFO = NO;
				SDKROOT = iphoneos;
				VALIDATE_PRODUCT = YES;
			};
			name = Release;
		};
		90C7B5B51E0FC7E50039B030 /* Debug */ = {
			isa = XCBuildConfiguration;
			buildSettings = {
				ASSETCATALOG_COMPILER_APPICON_NAME = AppIcon;
				INFOPLIST_FILE = TAConfirmOrder/Info.plist;
				LD_RUNPATH_SEARCH_PATHS = "$(inherited) @executable_path/Frameworks";
				PRODUCT_BUNDLE_IDENTIFIER = BS.TAConfirmOrder;
				PRODUCT_NAME = "$(TARGET_NAME)";
			};
			name = Debug;
		};
		90C7B5B61E0FC7E50039B030 /* Release */ = {
			isa = XCBuildConfiguration;
			buildSettings = {
				ASSETCATALOG_COMPILER_APPICON_NAME = AppIcon;
				INFOPLIST_FILE = TAConfirmOrder/Info.plist;
				LD_RUNPATH_SEARCH_PATHS = "$(inherited) @executable_path/Frameworks";
				PRODUCT_BUNDLE_IDENTIFIER = BS.TAConfirmOrder;
				PRODUCT_NAME = "$(TARGET_NAME)";
			};
			name = Release;
		};
		90C7B5B81E0FC7E50039B030 /* Debug */ = {
			isa = XCBuildConfiguration;
			buildSettings = {
				BUNDLE_LOADER = "$(TEST_HOST)";
				INFOPLIST_FILE = TAConfirmOrderTests/Info.plist;
				LD_RUNPATH_SEARCH_PATHS = "$(inherited) @executable_path/Frameworks @loader_path/Frameworks";
				PRODUCT_BUNDLE_IDENTIFIER = BS.TAConfirmOrderTests;
				PRODUCT_NAME = "$(TARGET_NAME)";
				TEST_HOST = "$(BUILT_PRODUCTS_DIR)/TAConfirmOrder.app/TAConfirmOrder";
			};
			name = Debug;
		};
		90C7B5B91E0FC7E50039B030 /* Release */ = {
			isa = XCBuildConfiguration;
			buildSettings = {
				BUNDLE_LOADER = "$(TEST_HOST)";
				INFOPLIST_FILE = TAConfirmOrderTests/Info.plist;
				LD_RUNPATH_SEARCH_PATHS = "$(inherited) @executable_path/Frameworks @loader_path/Frameworks";
				PRODUCT_BUNDLE_IDENTIFIER = BS.TAConfirmOrderTests;
				PRODUCT_NAME = "$(TARGET_NAME)";
				TEST_HOST = "$(BUILT_PRODUCTS_DIR)/TAConfirmOrder.app/TAConfirmOrder";
			};
			name = Release;
		};
		90C7B5BB1E0FC7E50039B030 /* Debug */ = {
			isa = XCBuildConfiguration;
			buildSettings = {
				INFOPLIST_FILE = TAConfirmOrderUITests/Info.plist;
				LD_RUNPATH_SEARCH_PATHS = "$(inherited) @executable_path/Frameworks @loader_path/Frameworks";
				PRODUCT_BUNDLE_IDENTIFIER = BS.TAConfirmOrderUITests;
				PRODUCT_NAME = "$(TARGET_NAME)";
				TEST_TARGET_NAME = TAConfirmOrder;
			};
			name = Debug;
		};
		90C7B5BC1E0FC7E50039B030 /* Release */ = {
			isa = XCBuildConfiguration;
			buildSettings = {
				INFOPLIST_FILE = TAConfirmOrderUITests/Info.plist;
				LD_RUNPATH_SEARCH_PATHS = "$(inherited) @executable_path/Frameworks @loader_path/Frameworks";
				PRODUCT_BUNDLE_IDENTIFIER = BS.TAConfirmOrderUITests;
				PRODUCT_NAME = "$(TARGET_NAME)";
				TEST_TARGET_NAME = TAConfirmOrder;
			};
			name = Release;
		};
/* End XCBuildConfiguration section */

/* Begin XCConfigurationList section */
		90C7B5821E0FC7E50039B030 /* Build configuration list for PBXProject "TAConfirmOrder" */ = {
			isa = XCConfigurationList;
			buildConfigurations = (
				90C7B5B21E0FC7E50039B030 /* Debug */,
				90C7B5B31E0FC7E50039B030 /* Release */,
			);
			defaultConfigurationIsVisible = 0;
			defaultConfigurationName = Release;
		};
		90C7B5B41E0FC7E50039B030 /* Build configuration list for PBXNativeTarget "TAConfirmOrder" */ = {
			isa = XCConfigurationList;
			buildConfigurations = (
				90C7B5B51E0FC7E50039B030 /* Debug */,
				90C7B5B61E0FC7E50039B030 /* Release */,
			);
			defaultConfigurationIsVisible = 0;
		};
		90C7B5B71E0FC7E50039B030 /* Build configuration list for PBXNativeTarget "TAConfirmOrderTests" */ = {
			isa = XCConfigurationList;
			buildConfigurations = (
				90C7B5B81E0FC7E50039B030 /* Debug */,
				90C7B5B91E0FC7E50039B030 /* Release */,
			);
			defaultConfigurationIsVisible = 0;
		};
		90C7B5BA1E0FC7E50039B030 /* Build configuration list for PBXNativeTarget "TAConfirmOrderUITests" */ = {
			isa = XCConfigurationList;
			buildConfigurations = (
				90C7B5BB1E0FC7E50039B030 /* Debug */,
				90C7B5BC1E0FC7E50039B030 /* Release */,
			);
			defaultConfigurationIsVisible = 0;
		};
/* End XCConfigurationList section */
	};
	rootObject = 90C7B57F1E0FC7E50039B030 /* Project object */;
}
